// !$*UTF8*$!
{
	archiveVersion = 1;
	classes = {
	};
	objectVersion = 77;
	objects = {

/* Begin PBXBuildFile section */
		96BC95292D2DE88C00FBF977 /* OwnerEntity+CoreDataClass.swift in Sources */ = {isa = PBXBuildFile; fileRef = 96BC95272D2DE88C00FBF977 /* OwnerEntity+CoreDataClass.swift */; };
		96BC952A2D2DE88C00FBF977 /* GitHubEntity+CoreDataClass.swift in Sources */ = {isa = PBXBuildFile; fileRef = 96BC95252D2DE88C00FBF977 /* GitHubEntity+CoreDataClass.swift */; };
		96BC952B2D2DE88C00FBF977 /* OwnerEntity+CoreDataProperties.swift in Sources */ = {isa = PBXBuildFile; fileRef = 96BC95282D2DE88C00FBF977 /* OwnerEntity+CoreDataProperties.swift */; };
		96BC952C2D2DE88C00FBF977 /* GitHubEntity+CoreDataProperties.swift in Sources */ = {isa = PBXBuildFile; fileRef = 96BC95262D2DE88C00FBF977 /* GitHubEntity+CoreDataProperties.swift */; };
		96BC99482D2E50AA00FBF977 /* Swinject in Frameworks */ = {isa = PBXBuildFile; productRef = 96BC99472D2E50AA00FBF977 /* Swinject */; };
		96BC994D2D2E50BF00FBF977 /* SwinjectAutoregistration in Frameworks */ = {isa = PBXBuildFile; productRef = 96BC994C2D2E50BF00FBF977 /* SwinjectAutoregistration */; };
/* End PBXBuildFile section */

/* Begin PBXContainerItemProxy section */
		96BC91F82D2D522700FBF977 /* PBXContainerItemProxy */ = {
			isa = PBXContainerItemProxy;
			containerPortal = 96BC91DA2D2D522500FBF977 /* Project object */;
			proxyType = 1;
			remoteGlobalIDString = 96BC91E12D2D522500FBF977;
			remoteInfo = vpd;
		};
		96BC92022D2D522700FBF977 /* PBXContainerItemProxy */ = {
			isa = PBXContainerItemProxy;
			containerPortal = 96BC91DA2D2D522500FBF977 /* Project object */;
			proxyType = 1;
			remoteGlobalIDString = 96BC91E12D2D522500FBF977;
			remoteInfo = vpd;
		};
/* End PBXContainerItemProxy section */

/* Begin PBXFileReference section */
		96BC91E22D2D522500FBF977 /* vpd.app */ = {isa = PBXFileReference; explicitFileType = wrapper.application; includeInIndex = 0; path = vpd.app; sourceTree = BUILT_PRODUCTS_DIR; };
		96BC91F72D2D522700FBF977 /* vpdTests.xctest */ = {isa = PBXFileReference; explicitFileType = wrapper.cfbundle; includeInIndex = 0; path = vpdTests.xctest; sourceTree = BUILT_PRODUCTS_DIR; };
		96BC92012D2D522700FBF977 /* vpdUITests.xctest */ = {isa = PBXFileReference; explicitFileType = wrapper.cfbundle; includeInIndex = 0; path = vpdUITests.xctest; sourceTree = BUILT_PRODUCTS_DIR; };
		96BC95252D2DE88C00FBF977 /* GitHubEntity+CoreDataClass.swift */ = {isa = PBXFileReference; lastKnownFileType = sourcecode.swift; name = "GitHubEntity+CoreDataClass.swift"; path = "vpd/Shared/Model/GitHubEntity+CoreDataClass.swift"; sourceTree = "<group>"; };
		96BC95262D2DE88C00FBF977 /* GitHubEntity+CoreDataProperties.swift */ = {isa = PBXFileReference; lastKnownFileType = sourcecode.swift; name = "GitHubEntity+CoreDataProperties.swift"; path = "vpd/Shared/Model/GitHubEntity+CoreDataProperties.swift"; sourceTree = "<group>"; };
		96BC95272D2DE88C00FBF977 /* OwnerEntity+CoreDataClass.swift */ = {isa = PBXFileReference; lastKnownFileType = sourcecode.swift; name = "OwnerEntity+CoreDataClass.swift"; path = "vpd/Shared/Model/OwnerEntity+CoreDataClass.swift"; sourceTree = "<group>"; };
		96BC95282D2DE88C00FBF977 /* OwnerEntity+CoreDataProperties.swift */ = {isa = PBXFileReference; lastKnownFileType = sourcecode.swift; name = "OwnerEntity+CoreDataProperties.swift"; path = "vpd/Shared/Model/OwnerEntity+CoreDataProperties.swift"; sourceTree = "<group>"; };
/* End PBXFileReference section */

/* Begin PBXFileSystemSynchronizedRootGroup section */
		96BC91E42D2D522500FBF977 /* vpd */ = {
			isa = PBXFileSystemSynchronizedRootGroup;
			path = vpd;
			sourceTree = "<group>";
		};
		96BC91FA2D2D522700FBF977 /* vpdTests */ = {
			isa = PBXFileSystemSynchronizedRootGroup;
			path = vpdTests;
			sourceTree = "<group>";
		};
		96BC92042D2D522700FBF977 /* vpdUITests */ = {
			isa = PBXFileSystemSynchronizedRootGroup;
			path = vpdUITests;
			sourceTree = "<group>";
		};
/* End PBXFileSystemSynchronizedRootGroup section */

/* Begin PBXFrameworksBuildPhase section */
		96BC91DF2D2D522500FBF977 /* Frameworks */ = {
			isa = PBXFrameworksBuildPhase;
			buildActionMask = 2147483647;
			files = (
				96BC99482D2E50AA00FBF977 /* Swinject in Frameworks */,
				96BC994D2D2E50BF00FBF977 /* SwinjectAutoregistration in Frameworks */,
			);
			runOnlyForDeploymentPostprocessing = 0;
		};
		96BC91F42D2D522700FBF977 /* Frameworks */ = {
			isa = PBXFrameworksBuildPhase;
			buildActionMask = 2147483647;
			files = (
			);
			runOnlyForDeploymentPostprocessing = 0;
		};
		96BC91FE2D2D522700FBF977 /* Frameworks */ = {
			isa = PBXFrameworksBuildPhase;
			buildActionMask = 2147483647;
			files = (
			);
			runOnlyForDeploymentPostprocessing = 0;
		};
/* End PBXFrameworksBuildPhase section */

/* Begin PBXGroup section */
		96BC91D92D2D522500FBF977 = {
			isa = PBXGroup;
			children = (
				96BC95252D2DE88C00FBF977 /* GitHubEntity+CoreDataClass.swift */,
				96BC95262D2DE88C00FBF977 /* GitHubEntity+CoreDataProperties.swift */,
				96BC95272D2DE88C00FBF977 /* OwnerEntity+CoreDataClass.swift */,
				96BC95282D2DE88C00FBF977 /* OwnerEntity+CoreDataProperties.swift */,
				96BC91E42D2D522500FBF977 /* vpd */,
				96BC91FA2D2D522700FBF977 /* vpdTests */,
				96BC92042D2D522700FBF977 /* vpdUITests */,
				96BC91E32D2D522500FBF977 /* Products */,
			);
			sourceTree = "<group>";
		};
		96BC91E32D2D522500FBF977 /* Products */ = {
			isa = PBXGroup;
			children = (
				96BC91E22D2D522500FBF977 /* vpd.app */,
				96BC91F72D2D522700FBF977 /* vpdTests.xctest */,
				96BC92012D2D522700FBF977 /* vpdUITests.xctest */,
			);
			name = Products;
			sourceTree = "<group>";
		};
/* End PBXGroup section */

/* Begin PBXNativeTarget section */
		96BC91E12D2D522500FBF977 /* vpd */ = {
			isa = PBXNativeTarget;
			buildConfigurationList = 96BC920B2D2D522700FBF977 /* Build configuration list for PBXNativeTarget "vpd" */;
			buildPhases = (
				96BC91DE2D2D522500FBF977 /* Sources */,
				96BC91DF2D2D522500FBF977 /* Frameworks */,
				96BC91E02D2D522500FBF977 /* Resources */,
			);
			buildRules = (
			);
			dependencies = (
			);
			fileSystemSynchronizedGroups = (
				96BC91E42D2D522500FBF977 /* vpd */,
			);
			name = vpd;
			packageProductDependencies = (
				96BC99472D2E50AA00FBF977 /* Swinject */,
				96BC994C2D2E50BF00FBF977 /* SwinjectAutoregistration */,
			);
			productName = vpd;
			productReference = 96BC91E22D2D522500FBF977 /* vpd.app */;
			productType = "com.apple.product-type.application";
		};
		96BC91F62D2D522700FBF977 /* vpdTests */ = {
			isa = PBXNativeTarget;
			buildConfigurationList = 96BC920E2D2D522700FBF977 /* Build configuration list for PBXNativeTarget "vpdTests" */;
			buildPhases = (
				96BC91F32D2D522700FBF977 /* Sources */,
				96BC91F42D2D522700FBF977 /* Frameworks */,
				96BC91F52D2D522700FBF977 /* Resources */,
			);
			buildRules = (
			);
			dependencies = (
				96BC91F92D2D522700FBF977 /* PBXTargetDependency */,
			);
			fileSystemSynchronizedGroups = (
				96BC91FA2D2D522700FBF977 /* vpdTests */,
			);
			name = vpdTests;
			packageProductDependencies = (
			);
			productName = vpdTests;
			productReference = 96BC91F72D2D522700FBF977 /* vpdTests.xctest */;
			productType = "com.apple.product-type.bundle.unit-test";
		};
		96BC92002D2D522700FBF977 /* vpdUITests */ = {
			isa = PBXNativeTarget;
			buildConfigurationList = 96BC92112D2D522700FBF977 /* Build configuration list for PBXNativeTarget "vpdUITests" */;
			buildPhases = (
				96BC91FD2D2D522700FBF977 /* Sources */,
				96BC91FE2D2D522700FBF977 /* Frameworks */,
				96BC91FF2D2D522700FBF977 /* Resources */,
			);
			buildRules = (
			);
			dependencies = (
				96BC92032D2D522700FBF977 /* PBXTargetDependency */,
			);
			fileSystemSynchronizedGroups = (
				96BC92042D2D522700FBF977 /* vpdUITests */,
			);
			name = vpdUITests;
			packageProductDependencies = (
			);
			productName = vpdUITests;
			productReference = 96BC92012D2D522700FBF977 /* vpdUITests.xctest */;
			productType = "com.apple.product-type.bundle.ui-testing";
		};
/* End PBXNativeTarget section */

/* Begin PBXProject section */
		96BC91DA2D2D522500FBF977 /* Project object */ = {
			isa = PBXProject;
			attributes = {
				BuildIndependentTargetsInParallel = 1;
				LastSwiftUpdateCheck = 1620;
				LastUpgradeCheck = 1620;
				TargetAttributes = {
					96BC91E12D2D522500FBF977 = {
						CreatedOnToolsVersion = 16.2;
					};
					96BC91F62D2D522700FBF977 = {
						CreatedOnToolsVersion = 16.2;
						TestTargetID = 96BC91E12D2D522500FBF977;
					};
					96BC92002D2D522700FBF977 = {
						CreatedOnToolsVersion = 16.2;
						TestTargetID = 96BC91E12D2D522500FBF977;
					};
				};
			};
			buildConfigurationList = 96BC91DD2D2D522500FBF977 /* Build configuration list for PBXProject "vpd" */;
			developmentRegion = en;
			hasScannedForEncodings = 0;
			knownRegions = (
				en,
				Base,
			);
			mainGroup = 96BC91D92D2D522500FBF977;
			minimizedProjectReferenceProxies = 1;
			packageReferences = (
				96BC99462D2E50AA00FBF977 /* XCRemoteSwiftPackageReference "Swinject" */,
				96BC994B2D2E50BF00FBF977 /* XCRemoteSwiftPackageReference "SwinjectAutoregistration" */,
			);
			preferredProjectObjectVersion = 77;
			productRefGroup = 96BC91E32D2D522500FBF977 /* Products */;
			projectDirPath = "";
			projectRoot = "";
			targets = (
				96BC91E12D2D522500FBF977 /* vpd */,
				96BC91F62D2D522700FBF977 /* vpdTests */,
				96BC92002D2D522700FBF977 /* vpdUITests */,
			);
		};
/* End PBXProject section */

/* Begin PBXResourcesBuildPhase section */
		96BC91E02D2D522500FBF977 /* Resources */ = {
			isa = PBXResourcesBuildPhase;
			buildActionMask = 2147483647;
			files = (
			);
			runOnlyForDeploymentPostprocessing = 0;
		};
		96BC91F52D2D522700FBF977 /* Resources */ = {
			isa = PBXResourcesBuildPhase;
			buildActionMask = 2147483647;
			files = (
			);
			runOnlyForDeploymentPostprocessing = 0;
		};
		96BC91FF2D2D522700FBF977 /* Resources */ = {
			isa = PBXResourcesBuildPhase;
			buildActionMask = 2147483647;
			files = (
			);
			runOnlyForDeploymentPostprocessing = 0;
		};
/* End PBXResourcesBuildPhase section */

/* Begin PBXSourcesBuildPhase section */
		96BC91DE2D2D522500FBF977 /* Sources */ = {
			isa = PBXSourcesBuildPhase;
			buildActionMask = 2147483647;
			files = (
				96BC95292D2DE88C00FBF977 /* OwnerEntity+CoreDataClass.swift in Sources */,
				96BC952A2D2DE88C00FBF977 /* GitHubEntity+CoreDataClass.swift in Sources */,
				96BC952B2D2DE88C00FBF977 /* OwnerEntity+CoreDataProperties.swift in Sources */,
				96BC952C2D2DE88C00FBF977 /* GitHubEntity+CoreDataProperties.swift in Sources */,
			);
			runOnlyForDeploymentPostprocessing = 0;
		};
		96BC91F32D2D522700FBF977 /* Sources */ = {
			isa = PBXSourcesBuildPhase;
			buildActionMask = 2147483647;
			files = (
			);
			runOnlyForDeploymentPostprocessing = 0;
		};
		96BC91FD2D2D522700FBF977 /* Sources */ = {
			isa = PBXSourcesBuildPhase;
			buildActionMask = 2147483647;
			files = (
			);
			runOnlyForDeploymentPostprocessing = 0;
		};
/* End PBXSourcesBuildPhase section */

/* Begin PBXTargetDependency section */
		96BC91F92D2D522700FBF977 /* PBXTargetDependency */ = {
			isa = PBXTargetDependency;
			target = 96BC91E12D2D522500FBF977 /* vpd */;
			targetProxy = 96BC91F82D2D522700FBF977 /* PBXContainerItemProxy */;
		};
		96BC92032D2D522700FBF977 /* PBXTargetDependency */ = {
			isa = PBXTargetDependency;
			target = 96BC91E12D2D522500FBF977 /* vpd */;
			targetProxy = 96BC92022D2D522700FBF977 /* PBXContainerItemProxy */;
		};
/* End PBXTargetDependency section */

/* Begin XCBuildConfiguration section */
		96BC92092D2D522700FBF977 /* Debug */ = {
			isa = XCBuildConfiguration;
			buildSettings = {
				ALWAYS_SEARCH_USER_PATHS = NO;
				ASSETCATALOG_COMPILER_GENERATE_SWIFT_ASSET_SYMBOL_EXTENSIONS = YES;
				CLANG_ANALYZER_NONNULL = YES;
				CLANG_ANALYZER_NUMBER_OBJECT_CONVERSION = YES_AGGRESSIVE;
				CLANG_CXX_LANGUAGE_STANDARD = "gnu++20";
				CLANG_ENABLE_MODULES = YES;
				CLANG_ENABLE_OBJC_ARC = YES;
				CLANG_ENABLE_OBJC_WEAK = YES;
				CLANG_WARN_BLOCK_CAPTURE_AUTORELEASING = YES;
				CLANG_WARN_BOOL_CONVERSION = YES;
				CLANG_WARN_COMMA = YES;
				CLANG_WARN_CONSTANT_CONVERSION = YES;
				CLANG_WARN_DEPRECATED_OBJC_IMPLEMENTATIONS = YES;
				CLANG_WARN_DIRECT_OBJC_ISA_USAGE = YES_ERROR;
				CLANG_WARN_DOCUMENTATION_COMMENTS = YES;
				CLANG_WARN_EMPTY_BODY = YES;
				CLANG_WARN_ENUM_CONVERSION = YES;
				CLANG_WARN_INFINITE_RECURSION = YES;
				CLANG_WARN_INT_CONVERSION = YES;
				CLANG_WARN_NON_LITERAL_NULL_CONVERSION = YES;
				CLANG_WARN_OBJC_IMPLICIT_RETAIN_SELF = YES;
				CLANG_WARN_OBJC_LITERAL_CONVERSION = YES;
				CLANG_WARN_OBJC_ROOT_CLASS = YES_ERROR;
				CLANG_WARN_QUOTED_INCLUDE_IN_FRAMEWORK_HEADER = YES;
				CLANG_WARN_RANGE_LOOP_ANALYSIS = YES;
				CLANG_WARN_STRICT_PROTOTYPES = YES;
				CLANG_WARN_SUSPICIOUS_MOVE = YES;
				CLANG_WARN_UNGUARDED_AVAILABILITY = YES_AGGRESSIVE;
				CLANG_WARN_UNREACHABLE_CODE = YES;
				CLANG_WARN__DUPLICATE_METHOD_MATCH = YES;
				COPY_PHASE_STRIP = NO;
				DEBUG_INFORMATION_FORMAT = dwarf;
				ENABLE_STRICT_OBJC_MSGSEND = YES;
				ENABLE_TESTABILITY = YES;
				ENABLE_USER_SCRIPT_SANDBOXING = YES;
				GCC_C_LANGUAGE_STANDARD = gnu17;
				GCC_DYNAMIC_NO_PIC = NO;
				GCC_NO_COMMON_BLOCKS = YES;
				GCC_OPTIMIZATION_LEVEL = 0;
				GCC_PREPROCESSOR_DEFINITIONS = (
					"DEBUG=1",
					"$(inherited)",
				);
				GCC_WARN_64_TO_32_BIT_CONVERSION = YES;
				GCC_WARN_ABOUT_RETURN_TYPE = YES_ERROR;
				GCC_WARN_UNDECLARED_SELECTOR = YES;
				GCC_WARN_UNINITIALIZED_AUTOS = YES_AGGRESSIVE;
				GCC_WARN_UNUSED_FUNCTION = YES;
				GCC_WARN_UNUSED_VARIABLE = YES;
				IPHONEOS_DEPLOYMENT_TARGET = 18.2;
				LOCALIZATION_PREFERS_STRING_CATALOGS = YES;
				MTL_ENABLE_DEBUG_INFO = INCLUDE_SOURCE;
				MTL_FAST_MATH = YES;
				ONLY_ACTIVE_ARCH = YES;
				SDKROOT = iphoneos;
				SWIFT_ACTIVE_COMPILATION_CONDITIONS = "DEBUG $(inherited)";
				SWIFT_OPTIMIZATION_LEVEL = "-Onone";
			};
			name = Debug;
		};
		96BC920A2D2D522700FBF977 /* Release */ = {
			isa = XCBuildConfiguration;
			buildSettings = {
				ALWAYS_SEARCH_USER_PATHS = NO;
				ASSETCATALOG_COMPILER_GENERATE_SWIFT_ASSET_SYMBOL_EXTENSIONS = YES;
				CLANG_ANALYZER_NONNULL = YES;
				CLANG_ANALYZER_NUMBER_OBJECT_CONVERSION = YES_AGGRESSIVE;
				CLANG_CXX_LANGUAGE_STANDARD = "gnu++20";
				CLANG_ENABLE_MODULES = YES;
				CLANG_ENABLE_OBJC_ARC = YES;
				CLANG_ENABLE_OBJC_WEAK = YES;
				CLANG_WARN_BLOCK_CAPTURE_AUTORELEASING = YES;
				CLANG_WARN_BOOL_CONVERSION = YES;
				CLANG_WARN_COMMA = YES;
				CLANG_WARN_CONSTANT_CONVERSION = YES;
				CLANG_WARN_DEPRECATED_OBJC_IMPLEMENTATIONS = YES;
				CLANG_WARN_DIRECT_OBJC_ISA_USAGE = YES_ERROR;
				CLANG_WARN_DOCUMENTATION_COMMENTS = YES;
				CLANG_WARN_EMPTY_BODY = YES;
				CLANG_WARN_ENUM_CONVERSION = YES;
				CLANG_WARN_INFINITE_RECURSION = YES;
				CLANG_WARN_INT_CONVERSION = YES;
				CLANG_WARN_NON_LITERAL_NULL_CONVERSION = YES;
				CLANG_WARN_OBJC_IMPLICIT_RETAIN_SELF = YES;
				CLANG_WARN_OBJC_LITERAL_CONVERSION = YES;
				CLANG_WARN_OBJC_ROOT_CLASS = YES_ERROR;
				CLANG_WARN_QUOTED_INCLUDE_IN_FRAMEWORK_HEADER = YES;
				CLANG_WARN_RANGE_LOOP_ANALYSIS = YES;
				CLANG_WARN_STRICT_PROTOTYPES = YES;
				CLANG_WARN_SUSPICIOUS_MOVE = YES;
				CLANG_WARN_UNGUARDED_AVAILABILITY = YES_AGGRESSIVE;
				CLANG_WARN_UNREACHABLE_CODE = YES;
				CLANG_WARN__DUPLICATE_METHOD_MATCH = YES;
				COPY_PHASE_STRIP = NO;
				DEBUG_INFORMATION_FORMAT = "dwarf-with-dsym";
				ENABLE_NS_ASSERTIONS = NO;
				ENABLE_STRICT_OBJC_MSGSEND = YES;
				ENABLE_USER_SCRIPT_SANDBOXING = YES;
				GCC_C_LANGUAGE_STANDARD = gnu17;
				GCC_NO_COMMON_BLOCKS = YES;
				GCC_WARN_64_TO_32_BIT_CONVERSION = YES;
				GCC_WARN_ABOUT_RETURN_TYPE = YES_ERROR;
				GCC_WARN_UNDECLARED_SELECTOR = YES;
				GCC_WARN_UNINITIALIZED_AUTOS = YES_AGGRESSIVE;
				GCC_WARN_UNUSED_FUNCTION = YES;
				GCC_WARN_UNUSED_VARIABLE = YES;
				IPHONEOS_DEPLOYMENT_TARGET = 18.2;
				LOCALIZATION_PREFERS_STRING_CATALOGS = YES;
				MTL_ENABLE_DEBUG_INFO = NO;
				MTL_FAST_MATH = YES;
				SDKROOT = iphoneos;
				SWIFT_COMPILATION_MODE = wholemodule;
				VALIDATE_PRODUCT = YES;
			};
			name = Release;
		};
		96BC920C2D2D522700FBF977 /* Debug */ = {
			isa = XCBuildConfiguration;
			buildSettings = {
				ASSETCATALOG_COMPILER_APPICON_NAME = AppIcon;
				ASSETCATALOG_COMPILER_GLOBAL_ACCENT_COLOR_NAME = AccentColor;
				CODE_SIGN_STYLE = Automatic;
				CURRENT_PROJECT_VERSION = 1;
				DEVELOPMENT_ASSET_PATHS = "\"vpd/Preview Content\"";
				DEVELOPMENT_TEAM = "";
				ENABLE_PREVIEWS = YES;
				GENERATE_INFOPLIST_FILE = YES;
				INFOPLIST_KEY_UIApplicationSceneManifest_Generation = YES;
				INFOPLIST_KEY_UIApplicationSupportsIndirectInputEvents = YES;
				INFOPLIST_KEY_UILaunchScreen_Generation = YES;
				INFOPLIST_KEY_UISupportedInterfaceOrientations_iPad = "UIInterfaceOrientationPortrait UIInterfaceOrientationPortraitUpsideDown UIInterfaceOrientationLandscapeLeft UIInterfaceOrientationLandscapeRight";
				INFOPLIST_KEY_UISupportedInterfaceOrientations_iPhone = "UIInterfaceOrientationPortrait UIInterfaceOrientationLandscapeLeft UIInterfaceOrientationLandscapeRight";
				IPHONEOS_DEPLOYMENT_TARGET = 16.6;
				LD_RUNPATH_SEARCH_PATHS = (
					"$(inherited)",
					"@executable_path/Frameworks",
				);
				MARKETING_VERSION = 1.0;
				PRODUCT_BUNDLE_IDENTIFIER = com.bookwarm.vpd;
				PRODUCT_NAME = "$(TARGET_NAME)";
				SWIFT_EMIT_LOC_STRINGS = YES;
				SWIFT_VERSION = 5.0;
				TARGETED_DEVICE_FAMILY = "1,2";
			};
			name = Debug;
		};
		96BC920D2D2D522700FBF977 /* Release */ = {
			isa = XCBuildConfiguration;
			buildSettings = {
				ASSETCATALOG_COMPILER_APPICON_NAME = AppIcon;
				ASSETCATALOG_COMPILER_GLOBAL_ACCENT_COLOR_NAME = AccentColor;
				CODE_SIGN_STYLE = Automatic;
				CURRENT_PROJECT_VERSION = 1;
				DEVELOPMENT_ASSET_PATHS = "\"vpd/Preview Content\"";
				DEVELOPMENT_TEAM = "";
				ENABLE_PREVIEWS = YES;
				GENERATE_INFOPLIST_FILE = YES;
				INFOPLIST_KEY_UIApplicationSceneManifest_Generation = YES;
				INFOPLIST_KEY_UIApplicationSupportsIndirectInputEvents = YES;
				INFOPLIST_KEY_UILaunchScreen_Generation = YES;
				INFOPLIST_KEY_UISupportedInterfaceOrientations_iPad = "UIInterfaceOrientationPortrait UIInterfaceOrientationPortraitUpsideDown UIInterfaceOrientationLandscapeLeft UIInterfaceOrientationLandscapeRight";
				INFOPLIST_KEY_UISupportedInterfaceOrientations_iPhone = "UIInterfaceOrientationPortrait UIInterfaceOrientationLandscapeLeft UIInterfaceOrientationLandscapeRight";
				IPHONEOS_DEPLOYMENT_TARGET = 16.6;
				LD_RUNPATH_SEARCH_PATHS = (
					"$(inherited)",
					"@executable_path/Frameworks",
				);
				MARKETING_VERSION = 1.0;
				PRODUCT_BUNDLE_IDENTIFIER = com.bookwarm.vpd;
				PRODUCT_NAME = "$(TARGET_NAME)";
				SWIFT_EMIT_LOC_STRINGS = YES;
				SWIFT_VERSION = 5.0;
				TARGETED_DEVICE_FAMILY = "1,2";
			};
			name = Release;
		};
		96BC920F2D2D522700FBF977 /* Debug */ = {
			isa = XCBuildConfiguration;
			buildSettings = {
				BUNDLE_LOADER = "$(TEST_HOST)";
				CODE_SIGN_STYLE = Automatic;
				CURRENT_PROJECT_VERSION = 1;
				GENERATE_INFOPLIST_FILE = YES;
				IPHONEOS_DEPLOYMENT_TARGET = 18.2;
				MARKETING_VERSION = 1.0;
				PRODUCT_BUNDLE_IDENTIFIER = com.bookwarm.vpdTests;
				PRODUCT_NAME = "$(TARGET_NAME)";
				SWIFT_EMIT_LOC_STRINGS = NO;
				SWIFT_VERSION = 5.0;
				TARGETED_DEVICE_FAMILY = "1,2";
				TEST_HOST = "$(BUILT_PRODUCTS_DIR)/vpd.app/$(BUNDLE_EXECUTABLE_FOLDER_PATH)/vpd";
			};
			name = Debug;
		};
		96BC92102D2D522700FBF977 /* Release */ = {
			isa = XCBuildConfiguration;
			buildSettings = {
				BUNDLE_LOADER = "$(TEST_HOST)";
				CODE_SIGN_STYLE = Automatic;
				CURRENT_PROJECT_VERSION = 1;
				GENERATE_INFOPLIST_FILE = YES;
				IPHONEOS_DEPLOYMENT_TARGET = 18.2;
				MARKETING_VERSION = 1.0;
				PRODUCT_BUNDLE_IDENTIFIER = com.bookwarm.vpdTests;
				PRODUCT_NAME = "$(TARGET_NAME)";
				SWIFT_EMIT_LOC_STRINGS = NO;
				SWIFT_VERSION = 5.0;
				TARGETED_DEVICE_FAMILY = "1,2";
				TEST_HOST = "$(BUILT_PRODUCTS_DIR)/vpd.app/$(BUNDLE_EXECUTABLE_FOLDER_PATH)/vpd";
			};
			name = Release;
		};
		96BC92122D2D522700FBF977 /* Debug */ = {
			isa = XCBuildConfiguration;
			buildSettings = {
				CODE_SIGN_STYLE = Automatic;
				CURRENT_PROJECT_VERSION = 1;
				GENERATE_INFOPLIST_FILE = YES;
				MARKETING_VERSION = 1.0;
				PRODUCT_BUNDLE_IDENTIFIER = com.bookwarm.vpdUITests;
				PRODUCT_NAME = "$(TARGET_NAME)";
				SWIFT_EMIT_LOC_STRINGS = NO;
				SWIFT_VERSION = 5.0;
				TARGETED_DEVICE_FAMILY = "1,2";
				TEST_TARGET_NAME = vpd;
			};
			name = Debug;
		};
		96BC92132D2D522700FBF977 /* Release */ = {
			isa = XCBuildConfiguration;
			buildSettings = {
				CODE_SIGN_STYLE = Automatic;
				CURRENT_PROJECT_VERSION = 1;
				GENERATE_INFOPLIST_FILE = YES;
				MARKETING_VERSION = 1.0;
				PRODUCT_BUNDLE_IDENTIFIER = com.bookwarm.vpdUITests;
				PRODUCT_NAME = "$(TARGET_NAME)";
				SWIFT_EMIT_LOC_STRINGS = NO;
				SWIFT_VERSION = 5.0;
				TARGETED_DEVICE_FAMILY = "1,2";
				TEST_TARGET_NAME = vpd;
			};
			name = Release;
		};
/* End XCBuildConfiguration section */

/* Begin XCConfigurationList section */
		96BC91DD2D2D522500FBF977 /* Build configuration list for PBXProject "vpd" */ = {
			isa = XCConfigurationList;
			buildConfigurations = (
				96BC92092D2D522700FBF977 /* Debug */,
				96BC920A2D2D522700FBF977 /* Release */,
			);
			defaultConfigurationIsVisible = 0;
			defaultConfigurationName = Release;
		};
		96BC920B2D2D522700FBF977 /* Build configuration list for PBXNativeTarget "vpd" */ = {
			isa = XCConfigurationList;
			buildConfigurations = (
				96BC920C2D2D522700FBF977 /* Debug */,
				96BC920D2D2D522700FBF977 /* Release */,
			);
			defaultConfigurationIsVisible = 0;
			defaultConfigurationName = Release;
		};
		96BC920E2D2D522700FBF977 /* Build configuration list for PBXNativeTarget "vpdTests" */ = {
			isa = XCConfigurationList;
			buildConfigurations = (
				96BC920F2D2D522700FBF977 /* Debug */,
				96BC92102D2D522700FBF977 /* Release */,
			);
			defaultConfigurationIsVisible = 0;
			defaultConfigurationName = Release;
		};
		96BC92112D2D522700FBF977 /* Build configuration list for PBXNativeTarget "vpdUITests" */ = {
			isa = XCConfigurationList;
			buildConfigurations = (
				96BC92122D2D522700FBF977 /* Debug */,
				96BC92132D2D522700FBF977 /* Release */,
			);
			defaultConfigurationIsVisible = 0;
			defaultConfigurationName = Release;
		};
/* End XCConfigurationList section */

/* Begin XCRemoteSwiftPackageReference section */
		96BC99462D2E50AA00FBF977 /* XCRemoteSwiftPackageReference "Swinject" */ = {
			isa = XCRemoteSwiftPackageReference;
			repositoryURL = "https://github.com/Swinject/Swinject";
			requirement = {
				kind = upToNextMajorVersion;
				minimumVersion = 2.9.1;
			};
		};
		96BC994B2D2E50BF00FBF977 /* XCRemoteSwiftPackageReference "SwinjectAutoregistration" */ = {
			isa = XCRemoteSwiftPackageReference;
			repositoryURL = "https://github.com/Swinject/SwinjectAutoregistration.git";
			requirement = {
				kind = upToNextMajorVersion;
				minimumVersion = 2.9.1;
			};
		};
/* End XCRemoteSwiftPackageReference section */

/* Begin XCSwiftPackageProductDependency section */
		96BC99472D2E50AA00FBF977 /* Swinject */ = {
			isa = XCSwiftPackageProductDependency;
			package = 96BC99462D2E50AA00FBF977 /* XCRemoteSwiftPackageReference "Swinject" */;
			productName = Swinject;
		};
		96BC994C2D2E50BF00FBF977 /* SwinjectAutoregistration */ = {
			isa = XCSwiftPackageProductDependency;
			package = 96BC994B2D2E50BF00FBF977 /* XCRemoteSwiftPackageReference "SwinjectAutoregistration" */;
			productName = SwinjectAutoregistration;
		};
/* End XCSwiftPackageProductDependency section */
	};
	rootObject = 96BC91DA2D2D522500FBF977 /* Project object */;
}
